// !$*UTF8*$!
{
	archiveVersion = 1;
	classes = {
	};
	objectVersion = 46;
	objects = {

/* Begin PBXBuildFile section */
		824958DC1D2131DE007550E7 /* AppDelegate.swift in Sources */ = {isa = PBXBuildFile; fileRef = 824958DB1D2131DE007550E7 /* AppDelegate.swift */; };
		824958DE1D2131DE007550E7 /* ViewController.swift in Sources */ = {isa = PBXBuildFile; fileRef = 824958DD1D2131DE007550E7 /* ViewController.swift */; };
		824958E01D2131DE007550E7 /* Assets.xcassets in Resources */ = {isa = PBXBuildFile; fileRef = 824958DF1D2131DE007550E7 /* Assets.xcassets */; };
		824958E31D2131DE007550E7 /* Main.storyboard in Resources */ = {isa = PBXBuildFile; fileRef = 824958E11D2131DE007550E7 /* Main.storyboard */; };
		8253E7EA1D223BDF00AA9157 /* Api.swift in Sources */ = {isa = PBXBuildFile; fileRef = 8253E7E91D223BDF00AA9157 /* Api.swift */; };
		954C311E0152B512B0F05090 /* Pods_Wallpapers.framework in Frameworks */ = {isa = PBXBuildFile; fileRef = 1FCC3912231B44BE8D8A74D1 /* Pods_Wallpapers.framework */; };
/* End PBXBuildFile section */

/* Begin PBXFileReference section */
		1FCC3912231B44BE8D8A74D1 /* Pods_Wallpapers.framework */ = {isa = PBXFileReference; explicitFileType = wrapper.framework; includeInIndex = 0; path = Pods_Wallpapers.framework; sourceTree = BUILT_PRODUCTS_DIR; };
		3644A62DFB38BA68354CCD13 /* Pods-Wallpapers.release.xcconfig */ = {isa = PBXFileReference; includeInIndex = 1; lastKnownFileType = text.xcconfig; name = "Pods-Wallpapers.release.xcconfig"; path = "Pods/Target Support Files/Pods-Wallpapers/Pods-Wallpapers.release.xcconfig"; sourceTree = "<group>"; };
		59801F9B83E82F3AD44D3EBE /* Pods-Wallpapers.debug.xcconfig */ = {isa = PBXFileReference; includeInIndex = 1; lastKnownFileType = text.xcconfig; name = "Pods-Wallpapers.debug.xcconfig"; path = "Pods/Target Support Files/Pods-Wallpapers/Pods-Wallpapers.debug.xcconfig"; sourceTree = "<group>"; };
		824958D81D2131DE007550E7 /* Wallpapers.app */ = {isa = PBXFileReference; explicitFileType = wrapper.application; includeInIndex = 0; path = Wallpapers.app; sourceTree = BUILT_PRODUCTS_DIR; };
		824958DB1D2131DE007550E7 /* AppDelegate.swift */ = {isa = PBXFileReference; lastKnownFileType = sourcecode.swift; path = AppDelegate.swift; sourceTree = "<group>"; };
		824958DD1D2131DE007550E7 /* ViewController.swift */ = {isa = PBXFileReference; lastKnownFileType = sourcecode.swift; path = ViewController.swift; sourceTree = "<group>"; };
		824958DF1D2131DE007550E7 /* Assets.xcassets */ = {isa = PBXFileReference; lastKnownFileType = folder.assetcatalog; path = Assets.xcassets; sourceTree = "<group>"; };
		824958E21D2131DE007550E7 /* Base */ = {isa = PBXFileReference; lastKnownFileType = file.storyboard; name = Base; path = Base.lproj/Main.storyboard; sourceTree = "<group>"; };
		824958E41D2131DE007550E7 /* Info.plist */ = {isa = PBXFileReference; lastKnownFileType = text.plist.xml; path = Info.plist; sourceTree = "<group>"; };
		8253E7E91D223BDF00AA9157 /* Api.swift */ = {isa = PBXFileReference; fileEncoding = 4; lastKnownFileType = sourcecode.swift; path = Api.swift; sourceTree = "<group>"; };
/* End PBXFileReference section */

/* Begin PBXFrameworksBuildPhase section */
		824958D51D2131DE007550E7 /* Frameworks */ = {
			isa = PBXFrameworksBuildPhase;
			buildActionMask = 2147483647;
			files = (
				954C311E0152B512B0F05090 /* Pods_Wallpapers.framework in Frameworks */,
			);
			runOnlyForDeploymentPostprocessing = 0;
		};
/* End PBXFrameworksBuildPhase section */

/* Begin PBXGroup section */
		169F149D88D09B9DE4648758 /* Pods */ = {
			isa = PBXGroup;
			children = (
				59801F9B83E82F3AD44D3EBE /* Pods-Wallpapers.debug.xcconfig */,
				3644A62DFB38BA68354CCD13 /* Pods-Wallpapers.release.xcconfig */,
			);
			name = Pods;
			sourceTree = "<group>";
		};
		824958CF1D2131DE007550E7 = {
			isa = PBXGroup;
			children = (
				824958DA1D2131DE007550E7 /* Wallpapers */,
				824958D91D2131DE007550E7 /* Products */,
				169F149D88D09B9DE4648758 /* Pods */,
				AFED7F19FD0C4FF1A6C86609 /* Frameworks */,
			);
			sourceTree = "<group>";
		};
		824958D91D2131DE007550E7 /* Products */ = {
			isa = PBXGroup;
			children = (
				824958D81D2131DE007550E7 /* Wallpapers.app */,
			);
			name = Products;
			sourceTree = "<group>";
		};
		824958DA1D2131DE007550E7 /* Wallpapers */ = {
			isa = PBXGroup;
			children = (
				824958DB1D2131DE007550E7 /* AppDelegate.swift */,
				824958DD1D2131DE007550E7 /* ViewController.swift */,
				824958DF1D2131DE007550E7 /* Assets.xcassets */,
				824958E11D2131DE007550E7 /* Main.storyboard */,
				824958E41D2131DE007550E7 /* Info.plist */,
				8253E7E91D223BDF00AA9157 /* Api.swift */,
			);
			path = Wallpapers;
			sourceTree = "<group>";
		};
		AFED7F19FD0C4FF1A6C86609 /* Frameworks */ = {
			isa = PBXGroup;
			children = (
				1FCC3912231B44BE8D8A74D1 /* Pods_Wallpapers.framework */,
			);
			name = Frameworks;
			sourceTree = "<group>";
		};
/* End PBXGroup section */

/* Begin PBXNativeTarget section */
		824958D71D2131DE007550E7 /* Wallpapers */ = {
			isa = PBXNativeTarget;
			buildConfigurationList = 824958E71D2131DE007550E7 /* Build configuration list for PBXNativeTarget "Wallpapers" */;
			buildPhases = (
				84065C034B11F2A8C87D67A9 /* [CP] Check Pods Manifest.lock */,
				824958D41D2131DE007550E7 /* Sources */,
				824958D51D2131DE007550E7 /* Frameworks */,
				824958D61D2131DE007550E7 /* Resources */,
				14FC3B2D719DE03CABB33312 /* [CP] Embed Pods Frameworks */,
				AB5CB26AE0B7C2FFCA863BA0 /* [CP] Copy Pods Resources */,
			);
			buildRules = (
			);
			dependencies = (
			);
			name = Wallpapers;
			productName = Wallpapers;
			productReference = 824958D81D2131DE007550E7 /* Wallpapers.app */;
			productType = "com.apple.product-type.application";
		};
/* End PBXNativeTarget section */

/* Begin PBXProject section */
		824958D01D2131DE007550E7 /* Project object */ = {
			isa = PBXProject;
			attributes = {
				LastSwiftUpdateCheck = 0730;
				LastUpgradeCheck = 0730;
				ORGANIZATIONNAME = Mingsin;
				TargetAttributes = {
					824958D71D2131DE007550E7 = {
						CreatedOnToolsVersion = 7.3.1;
					};
				};
			};
			buildConfigurationList = 824958D31D2131DE007550E7 /* Build configuration list for PBXProject "Wallpapers" */;
			compatibilityVersion = "Xcode 3.2";
			developmentRegion = English;
			hasScannedForEncodings = 0;
			knownRegions = (
				en,
				Base,
			);
			mainGroup = 824958CF1D2131DE007550E7;
			productRefGroup = 824958D91D2131DE007550E7 /* Products */;
			projectDirPath = "";
			projectRoot = "";
			targets = (
				824958D71D2131DE007550E7 /* Wallpapers */,
			);
		};
/* End PBXProject section */

/* Begin PBXResourcesBuildPhase section */
		824958D61D2131DE007550E7 /* Resources */ = {
			isa = PBXResourcesBuildPhase;
			buildActionMask = 2147483647;
			files = (
				824958E01D2131DE007550E7 /* Assets.xcassets in Resources */,
				824958E31D2131DE007550E7 /* Main.storyboard in Resources */,
			);
			runOnlyForDeploymentPostprocessing = 0;
		};
/* End PBXResourcesBuildPhase section */

/* Begin PBXShellScriptBuildPhase section */
		14FC3B2D719DE03CABB33312 /* [CP] Embed Pods Frameworks */ = {
			isa = PBXShellScriptBuildPhase;
			buildActionMask = 2147483647;
			files = (
			);
			inputPaths = (
			);
			name = "[CP] Embed Pods Frameworks";
			outputPaths = (
			);
			runOnlyForDeploymentPostprocessing = 0;
			shellPath = /bin/sh;
			shellScript = "\"${SRCROOT}/Pods/Target Support Files/Pods-Wallpapers/Pods-Wallpapers-frameworks.sh\"\n";
			showEnvVarsInLog = 0;
		};
		84065C034B11F2A8C87D67A9 /* [CP] Check Pods Manifest.lock */ = {
			isa = PBXShellScriptBuildPhase;
			buildActionMask = 2147483647;
			files = (
			);
			inputPaths = (
			);
			name = "[CP] Check Pods Manifest.lock";
			outputPaths = (
			);
			runOnlyForDeploymentPostprocessing = 0;
			shellPath = /bin/sh;
			shellScript = "diff \"${PODS_ROOT}/../Podfile.lock\" \"${PODS_ROOT}/Manifest.lock\" > /dev/null\nif [[ $? != 0 ]] ; then\n    cat << EOM\nerror: The sandbox is not in sync with the Podfile.lock. Run 'pod install' or update your CocoaPods installation.\nEOM\n    exit 1\nfi\n";
			showEnvVarsInLog = 0;
		};
		AB5CB26AE0B7C2FFCA863BA0 /* [CP] Copy Pods Resources */ = {
			isa = PBXShellScriptBuildPhase;
			buildActionMask = 2147483647;
			files = (
			);
			inputPaths = (
			);
			name = "[CP] Copy Pods Resources";
			outputPaths = (
			);
			runOnlyForDeploymentPostprocessing = 0;
			shellPath = /bin/sh;
			shellScript = "\"${SRCROOT}/Pods/Target Support Files/Pods-Wallpapers/Pods-Wallpapers-resources.sh\"\n";
			showEnvVarsInLog = 0;
		};
/* End PBXShellScriptBuildPhase section */

/* Begin PBXSourcesBuildPhase section */
		824958D41D2131DE007550E7 /* Sources */ = {
			isa = PBXSourcesBuildPhase;
			buildActionMask = 2147483647;
			files = (
				8253E7EA1D223BDF00AA9157 /* Api.swift in Sources */,
				824958DE1D2131DE007550E7 /* ViewController.swift in Sources */,
				824958DC1D2131DE007550E7 /* AppDelegate.swift in Sources */,
			);
			runOnlyForDeploymentPostprocessing = 0;
		};
/* End PBXSourcesBuildPhase section */

/* Begin PBXVariantGroup section */
		824958E11D2131DE007550E7 /* Main.storyboard */ = {
			isa = PBXVariantGroup;
			children = (
				824958E21D2131DE007550E7 /* Base */,
			);
			name = Main.storyboard;
			sourceTree = "<group>";
		};
/* End PBXVariantGroup section */

/* Begin XCBuildConfiguration section */
		824958E51D2131DE007550E7 /* Debug */ = {
			isa = XCBuildConfiguration;
			buildSettings = {
				ALWAYS_SEARCH_USER_PATHS = NO;
				CLANG_ANALYZER_NONNULL = YES;
				CLANG_CXX_LANGUAGE_STANDARD = "gnu++0x";
				CLANG_CXX_LIBRARY = "libc++";
				CLANG_ENABLE_MODULES = YES;
				CLANG_ENABLE_OBJC_ARC = YES;
				CLANG_WARN_BOOL_CONVERSION = YES;
				CLANG_WARN_CONSTANT_CONVERSION = YES;
				CLANG_WARN_DIRECT_OBJC_ISA_USAGE = YES_ERROR;
				CLANG_WARN_EMPTY_BODY = YES;
				CLANG_WARN_ENUM_CONVERSION = YES;
				CLANG_WARN_INT_CONVERSION = YES;
				CLANG_WARN_OBJC_ROOT_CLASS = YES_ERROR;
				CLANG_WARN_UNREACHABLE_CODE = YES;
				CLANG_WARN__DUPLICATE_METHOD_MATCH = YES;
				CODE_SIGN_IDENTITY = "-";
				COPY_PHASE_STRIP = NO;
				DEBUG_INFORMATION_FORMAT = dwarf;
				ENABLE_STRICT_OBJC_MSGSEND = YES;
				ENABLE_TESTABILITY = YES;
				GCC_C_LANGUAGE_STANDARD = gnu99;
				GCC_DYNAMIC_NO_PIC = NO;
				GCC_NO_COMMON_BLOCKS = YES;
				GCC_OPTIMIZATION_LEVEL = 0;
				GCC_PREPROCESSOR_DEFINITIONS = (
					"DEBUG=1",
					"$(inherited)",
				);
				GCC_WARN_64_TO_32_BIT_CONVERSION = YES;
				GCC_WARN_ABOUT_RETURN_TYPE = YES_ERROR;
				GCC_WARN_UNDECLARED_SELECTOR = YES;
				GCC_WARN_UNINITIALIZED_AUTOS = YES_AGGRESSIVE;
				GCC_WARN_UNUSED_FUNCTION = YES;
				GCC_WARN_UNUSED_VARIABLE = YES;
				MACOSX_DEPLOYMENT_TARGET = 10.11;
				MTL_ENABLE_DEBUG_INFO = YES;
				ONLY_ACTIVE_ARCH = YES;
				SDKROOT = macosx;
				SWIFT_OPTIMIZATION_LEVEL = "-Onone";
			};
			name = Debug;
		};
		824958E61D2131DE007550E7 /* Release */ = {
			isa = XCBuildConfiguration;
			buildSettings = {
				ALWAYS_SEARCH_USER_PATHS = NO;
				CLANG_ANALYZER_NONNULL = YES;
				CLANG_CXX_LANGUAGE_STANDARD = "gnu++0x";
				CLANG_CXX_LIBRARY = "libc++";
				CLANG_ENABLE_MODULES = YES;
				CLANG_ENABLE_OBJC_ARC = YES;
				CLANG_WARN_BOOL_CONVERSION = YES;
				CLANG_WARN_CONSTANT_CONVERSION = YES;
				CLANG_WARN_DIRECT_OBJC_ISA_USAGE = YES_ERROR;
				CLANG_WARN_EMPTY_BODY = YES;
				CLANG_WARN_ENUM_CONVERSION = YES;
				CLANG_WARN_INT_CONVERSION = YES;
				CLANG_WARN_OBJC_ROOT_CLASS = YES_ERROR;
				CLANG_WARN_UNREACHABLE_CODE = YES;
				CLANG_WARN__DUPLICATE_METHOD_MATCH = YES;
				CODE_SIGN_IDENTITY = "-";
				COPY_PHASE_STRIP = NO;
				DEBUG_INFORMATION_FORMAT = "dwarf-with-dsym";
				ENABLE_NS_ASSERTIONS = NO;
				ENABLE_STRICT_OBJC_MSGSEND = YES;
				GCC_C_LANGUAGE_STANDARD = gnu99;
				GCC_NO_COMMON_BLOCKS = YES;
				GCC_WARN_64_TO_32_BIT_CONVERSION = YES;
				GCC_WARN_ABOUT_RETURN_TYPE = YES_ERROR;
				GCC_WARN_UNDECLARED_SELECTOR = YES;
				GCC_WARN_UNINITIALIZED_AUTOS = YES_AGGRESSIVE;
				GCC_WARN_UNUSED_FUNCTION = YES;
				GCC_WARN_UNUSED_VARIABLE = YES;
				MACOSX_DEPLOYMENT_TARGET = 10.11;
				MTL_ENABLE_DEBUG_INFO = NO;
				SDKROOT = macosx;
			};
			name = Release;
		};
		824958E81D2131DE007550E7 /* Debug */ = {
			isa = XCBuildConfiguration;
			baseConfigurationReference = 59801F9B83E82F3AD44D3EBE /* Pods-Wallpapers.debug.xcconfig */;
			buildSettings = {
				ASSETCATALOG_COMPILER_APPICON_NAME = AppIcon;
				COMBINE_HIDPI_IMAGES = YES;
				INFOPLIST_FILE = Wallpapers/Info.plist;
				LD_RUNPATH_SEARCH_PATHS = "$(inherited) @executable_path/../Frameworks";
				PRODUCT_BUNDLE_IDENTIFIER = mingsin.Wallpapers;
				PRODUCT_NAME = "$(TARGET_NAME)";
			};
			name = Debug;
		};
		824958E91D2131DE007550E7 /* Release */ = {
			isa = XCBuildConfiguration;
			baseConfigurationReference = 3644A62DFB38BA68354CCD13 /* Pods-Wallpapers.release.xcconfig */;
			buildSettings = {
				ASSETCATALOG_COMPILER_APPICON_NAME = AppIcon;
				COMBINE_HIDPI_IMAGES = YES;
				INFOPLIST_FILE = Wallpapers/Info.plist;
				LD_RUNPATH_SEARCH_PATHS = "$(inherited) @executable_path/../Frameworks";
				PRODUCT_BUNDLE_IDENTIFIER = mingsin.Wallpapers;
				PRODUCT_NAME = "$(TARGET_NAME)";
			};
			name = Release;
		};
/* End XCBuildConfiguration section */

/* Begin XCConfigurationList section */
		824958D31D2131DE007550E7 /* Build configuration list for PBXProject "Wallpapers" */ = {
			isa = XCConfigurationList;
			buildConfigurations = (
				824958E51D2131DE007550E7 /* Debug */,
				824958E61D2131DE007550E7 /* Release */,
			);
			defaultConfigurationIsVisible = 0;
			defaultConfigurationName = Release;
		};
		824958E71D2131DE007550E7 /* Build configuration list for PBXNativeTarget "Wallpapers" */ = {
			isa = XCConfigurationList;
			buildConfigurations = (
				824958E81D2131DE007550E7 /* Debug */,
				824958E91D2131DE007550E7 /* Release */,
			);
			defaultConfigurationIsVisible = 0;
			defaultConfigurationName = Release;
		};
/* End XCConfigurationList section */
	};
	rootObject = 824958D01D2131DE007550E7 /* Project object */;
}
